
Microsoft Visual Studio Solution File, Format Version 12.00
# Visual Studio Version 16
VisualStudioVersion = 16.0.31402.337
MinimumVisualStudioVersion = 10.0.40219.1
Project("{FAE04EC0-301F-11D3-BF4B-00C04F79EFBC}") = "LiveJobs", "LiveJobs\LiveJobs.csproj", "{37C81099-E8C5-416D-B75D-0DAF01A3FD52}"
EndProject
Global
	GlobalSection(SolutionConfigurationPlatforms) = preSolution
		Debug|Any CPU = Debug|Any CPU
		Release|Any CPU = Release|Any CPU
	EndGlobalSection
	GlobalSection(ProjectConfigurationPlatforms) = postSolution
		{37C81099-E8C5-416D-B75D-0DAF01A3FD52}.Debug|Any CPU.ActiveCfg = Debug|Any CPU
		{37C81099-E8C5-416D-B75D-0DAF01A3FD52}.Debug|Any CPU.Build.0 = Debug|Any CPU
		{37C81099-E8C5-416D-B75D-0DAF01A3FD52}.Release|Any CPU.ActiveCfg = Release|Any CPU
		{37C81099-E8C5-416D-B75D-0DAF01A3FD52}.Release|Any CPU.Build.0 = Release|Any CPU
	EndGlobalSection
	GlobalSection(SolutionProperties) = preSolution
		HideSolutionNode = FALSE
	EndGlobalSection
	GlobalSection(ExtensibilityGlobals) = postSolution
		SolutionGuid = {099D980A-9533-4C27-BCFA-0F13A9AE08CA}
	EndGlobalSection
EndGlobal
